// !$*UTF8*$!
{
	archiveVersion = 1;
	classes = {
	};
	objectVersion = 56;
	objects = {

/* Begin PBXBuildFile section */
		2726BC6D2C12CA4A001F6885 /* profilequestion .swift in Sources */ = {isa = PBXBuildFile; fileRef = 2726BC6C2C12CA4A001F6885 /* profilequestion .swift */; };
		A9115AA82C824A7000FBAF00 /* RequestPhotoAccess.swift in Sources */ = {isa = PBXBuildFile; fileRef = A9115AA72C824A7000FBAF00 /* RequestPhotoAccess.swift */; };
		A91470AE2C28076000380D39 /* FirestoreManager.swift in Sources */ = {isa = PBXBuildFile; fileRef = A91470AD2C28076000380D39 /* FirestoreManager.swift */; };
		A91470B02C280B3200380D39 /* Chat.swift in Sources */ = {isa = PBXBuildFile; fileRef = A91470AF2C280B3200380D39 /* Chat.swift */; };
		A924425F2C82F3E100995C76 /* LaunchScreen.storyboard in Resources */ = {isa = PBXBuildFile; fileRef = A924425E2C82F3E100995C76 /* LaunchScreen.storyboard */; };
		A932AF642C291FD40012A9D0 /* MatchNotification.swift in Sources */ = {isa = PBXBuildFile; fileRef = A932AF632C291FD40012A9D0 /* MatchNotification.swift */; };
		A94117412C84598800DD70FD /* Kingfisher in Frameworks */ = {isa = PBXBuildFile; productRef = A94117402C84598800DD70FD /* Kingfisher */; };
		A950C23A2C49DF21001BA6B5 /* ImagePicker.swift in Sources */ = {isa = PBXBuildFile; fileRef = A950C2392C49DF21001BA6B5 /* ImagePicker.swift */; };
		A950C2402C49EDB8001BA6B5 /* GoogleService-Info.plist in Resources */ = {isa = PBXBuildFile; fileRef = A950C23F2C49EDB8001BA6B5 /* GoogleService-Info.plist */; };
		A9551CB32C12BAF30002AF0B /* ValMatcherApp.swift in Sources */ = {isa = PBXBuildFile; fileRef = A9551CB22C12BAF30002AF0B /* ValMatcherApp.swift */; };
		A9551CB52C12BAF30002AF0B /* ContentView.swift in Sources */ = {isa = PBXBuildFile; fileRef = A9551CB42C12BAF30002AF0B /* ContentView.swift */; };
		A9551CB72C12BAF40002AF0B /* Assets.xcassets in Resources */ = {isa = PBXBuildFile; fileRef = A9551CB62C12BAF40002AF0B /* Assets.xcassets */; };
		A9551CBA2C12BAF40002AF0B /* Preview Assets.xcassets in Resources */ = {isa = PBXBuildFile; fileRef = A9551CB92C12BAF40002AF0B /* Preview Assets.xcassets */; };
		A9551CC42C12BAF50002AF0B /* ValMatcherTests.swift in Sources */ = {isa = PBXBuildFile; fileRef = A9551CC32C12BAF50002AF0B /* ValMatcherTests.swift */; };
		A9551CCE2C12BAF50002AF0B /* ValMatcherUITests.swift in Sources */ = {isa = PBXBuildFile; fileRef = A9551CCD2C12BAF50002AF0B /* ValMatcherUITests.swift */; };
		A9551CD02C12BAF50002AF0B /* ValMatcherUITestsLaunchTests.swift in Sources */ = {isa = PBXBuildFile; fileRef = A9551CCF2C12BAF50002AF0B /* ValMatcherUITestsLaunchTests.swift */; };
		A9551CDE2C12BC4B0002AF0B /* FirebaseAnalytics in Frameworks */ = {isa = PBXBuildFile; productRef = A9551CDD2C12BC4B0002AF0B /* FirebaseAnalytics */; };
		A9551CE02C12BC4B0002AF0B /* FirebaseAnalyticsOnDeviceConversion in Frameworks */ = {isa = PBXBuildFile; productRef = A9551CDF2C12BC4B0002AF0B /* FirebaseAnalyticsOnDeviceConversion */; };
		A9551CE22C12BC4B0002AF0B /* FirebaseAnalyticsSwift in Frameworks */ = {isa = PBXBuildFile; productRef = A9551CE12C12BC4B0002AF0B /* FirebaseAnalyticsSwift */; };
		A9551CE42C12BC4B0002AF0B /* FirebaseAnalyticsWithoutAdIdSupport in Frameworks */ = {isa = PBXBuildFile; productRef = A9551CE32C12BC4B0002AF0B /* FirebaseAnalyticsWithoutAdIdSupport */; };
		A9551CE62C12BC4B0002AF0B /* FirebaseAppCheck in Frameworks */ = {isa = PBXBuildFile; productRef = A9551CE52C12BC4B0002AF0B /* FirebaseAppCheck */; };
		A9551CE82C12BC4B0002AF0B /* FirebaseAppDistribution-Beta in Frameworks */ = {isa = PBXBuildFile; productRef = A9551CE72C12BC4B0002AF0B /* FirebaseAppDistribution-Beta */; };
		A9551CEA2C12BC4B0002AF0B /* FirebaseAuth in Frameworks */ = {isa = PBXBuildFile; productRef = A9551CE92C12BC4B0002AF0B /* FirebaseAuth */; };
		A9551CEC2C12BC4B0002AF0B /* FirebaseAuthCombine-Community in Frameworks */ = {isa = PBXBuildFile; productRef = A9551CEB2C12BC4B0002AF0B /* FirebaseAuthCombine-Community */; };
		A9551CEE2C12BC4B0002AF0B /* FirebaseCrashlytics in Frameworks */ = {isa = PBXBuildFile; productRef = A9551CED2C12BC4B0002AF0B /* FirebaseCrashlytics */; };
		A9551CF02C12BC4B0002AF0B /* FirebaseDatabase in Frameworks */ = {isa = PBXBuildFile; productRef = A9551CEF2C12BC4B0002AF0B /* FirebaseDatabase */; };
		A9551CF22C12BC4B0002AF0B /* FirebaseDatabaseSwift in Frameworks */ = {isa = PBXBuildFile; productRef = A9551CF12C12BC4B0002AF0B /* FirebaseDatabaseSwift */; };
		A9551CF42C12BC4B0002AF0B /* FirebaseDynamicLinks in Frameworks */ = {isa = PBXBuildFile; productRef = A9551CF32C12BC4B0002AF0B /* FirebaseDynamicLinks */; };
		A9551CF62C12BC4B0002AF0B /* FirebaseFirestore in Frameworks */ = {isa = PBXBuildFile; productRef = A9551CF52C12BC4B0002AF0B /* FirebaseFirestore */; };
		A9551CF82C12BC4B0002AF0B /* FirebaseFirestoreCombine-Community in Frameworks */ = {isa = PBXBuildFile; productRef = A9551CF72C12BC4B0002AF0B /* FirebaseFirestoreCombine-Community */; };
		A9551CFA2C12BC4B0002AF0B /* FirebaseFirestoreSwift in Frameworks */ = {isa = PBXBuildFile; productRef = A9551CF92C12BC4B0002AF0B /* FirebaseFirestoreSwift */; };
		A9551CFC2C12BC4B0002AF0B /* FirebaseFunctions in Frameworks */ = {isa = PBXBuildFile; productRef = A9551CFB2C12BC4B0002AF0B /* FirebaseFunctions */; };
		A9551CFE2C12BC4B0002AF0B /* FirebaseFunctionsCombine-Community in Frameworks */ = {isa = PBXBuildFile; productRef = A9551CFD2C12BC4B0002AF0B /* FirebaseFunctionsCombine-Community */; };
		A9551D002C12BC4B0002AF0B /* FirebaseInAppMessaging-Beta in Frameworks */ = {isa = PBXBuildFile; productRef = A9551CFF2C12BC4B0002AF0B /* FirebaseInAppMessaging-Beta */; };
		A9551D022C12BC4B0002AF0B /* FirebaseInAppMessagingSwift-Beta in Frameworks */ = {isa = PBXBuildFile; productRef = A9551D012C12BC4B0002AF0B /* FirebaseInAppMessagingSwift-Beta */; };
		A9551D042C12BC4B0002AF0B /* FirebaseInstallations in Frameworks */ = {isa = PBXBuildFile; productRef = A9551D032C12BC4B0002AF0B /* FirebaseInstallations */; };
		A9551D062C12BC4B0002AF0B /* FirebaseMLModelDownloader in Frameworks */ = {isa = PBXBuildFile; productRef = A9551D052C12BC4B0002AF0B /* FirebaseMLModelDownloader */; };
		A9551D082C12BC4B0002AF0B /* FirebaseMessaging in Frameworks */ = {isa = PBXBuildFile; productRef = A9551D072C12BC4B0002AF0B /* FirebaseMessaging */; };
		A9551D0A2C12BC4B0002AF0B /* FirebasePerformance in Frameworks */ = {isa = PBXBuildFile; productRef = A9551D092C12BC4B0002AF0B /* FirebasePerformance */; };
		A9551D0C2C12BC4B0002AF0B /* FirebaseRemoteConfig in Frameworks */ = {isa = PBXBuildFile; productRef = A9551D0B2C12BC4B0002AF0B /* FirebaseRemoteConfig */; };
		A9551D0E2C12BC4B0002AF0B /* FirebaseRemoteConfigSwift in Frameworks */ = {isa = PBXBuildFile; productRef = A9551D0D2C12BC4B0002AF0B /* FirebaseRemoteConfigSwift */; };
		A9551D102C12BC4B0002AF0B /* FirebaseStorage in Frameworks */ = {isa = PBXBuildFile; productRef = A9551D0F2C12BC4B0002AF0B /* FirebaseStorage */; };
		A9551D122C12BC4B0002AF0B /* FirebaseStorageCombine-Community in Frameworks */ = {isa = PBXBuildFile; productRef = A9551D112C12BC4B0002AF0B /* FirebaseStorageCombine-Community */; };
		A9551D142C12BC4B0002AF0B /* FirebaseVertexAI-Preview in Frameworks */ = {isa = PBXBuildFile; productRef = A9551D132C12BC4B0002AF0B /* FirebaseVertexAI-Preview */; };
		A956FE812C1E78B200C9A8C3 /* ProfileView.swift in Sources */ = {isa = PBXBuildFile; fileRef = A956FE802C1E78B200C9A8C3 /* ProfileView.swift */; };
		A956FE832C1E7B9400C9A8C3 /* UserProfile.swift in Sources */ = {isa = PBXBuildFile; fileRef = A956FE822C1E7B9400C9A8C3 /* UserProfile.swift */; };
		A956FE852C1E7BBF00C9A8C3 /* QuestionModel.swift in Sources */ = {isa = PBXBuildFile; fileRef = A956FE842C1E7BBF00C9A8C3 /* QuestionModel.swift */; };
		A958582E2C13F63D00D68763 /* LoginView.swift in Sources */ = {isa = PBXBuildFile; fileRef = A958582D2C13F63D00D68763 /* LoginView.swift */; };
		A95858302C13F66000D68763 /* SignUpView.swift in Sources */ = {isa = PBXBuildFile; fileRef = A958582F2C13F66000D68763 /* SignUpView.swift */; };
		A95858322C13F76100D68763 /* NetworkManager.swift in Sources */ = {isa = PBXBuildFile; fileRef = A95858312C13F76100D68763 /* NetworkManager.swift */; };
		A96F022F2C760E7600567DC6 /* NotificationViewBanner.swift in Sources */ = {isa = PBXBuildFile; fileRef = A96F022E2C760E7600567DC6 /* NotificationViewBanner.swift */; };
		A971C76F2C4C6C6200E9634A /* SettingsView.swift in Sources */ = {isa = PBXBuildFile; fileRef = A971C76E2C4C6C6200E9634A /* SettingsView.swift */; };
		A984D4DB2C1A222800BB75DB /* MatchView.swift in Sources */ = {isa = PBXBuildFile; fileRef = A984D4DA2C1A222800BB75DB /* MatchView.swift */; };
		A984D4DF2C1A23A500BB75DB /* ProfileSetupView.swift in Sources */ = {isa = PBXBuildFile; fileRef = A984D4DE2C1A23A500BB75DB /* ProfileSetupView.swift */; };
		A984D4E72C1A299500BB75DB /* RandomProfileAlgorithm.swift in Sources */ = {isa = PBXBuildFile; fileRef = A984D4E62C1A299500BB75DB /* RandomProfileAlgorithm.swift */; };
		A984D4E92C1A2A5600BB75DB /* DM.swift in Sources */ = {isa = PBXBuildFile; fileRef = A984D4E82C1A2A5600BB75DB /* DM.swift */; };
		A984D4EB2C1A2E6300BB75DB /* DMHomeView.swift in Sources */ = {isa = PBXBuildFile; fileRef = A984D4EA2C1A2E6300BB75DB /* DMHomeView.swift */; };
		A9A63DF92C3245EA00F6198E /* MainView.swift in Sources */ = {isa = PBXBuildFile; fileRef = A9A63DF82C3245EA00F6198E /* MainView.swift */; };
		A9FAA11E2C4F5D7700048F32 /* UserProfileView.swift in Sources */ = {isa = PBXBuildFile; fileRef = A9FAA11D2C4F5D7700048F32 /* UserProfileView.swift */; };
		A9FAA1202C4F65D300048F32 /* ChatView.swift in Sources */ = {isa = PBXBuildFile; fileRef = A9FAA11F2C4F65D300048F32 /* ChatView.swift */; };
/* End PBXBuildFile section */

/* Begin PBXContainerItemProxy section */
		A9551CC02C12BAF50002AF0B /* PBXContainerItemProxy */ = {
			isa = PBXContainerItemProxy;
			containerPortal = A9551CA72C12BAF30002AF0B /* Project object */;
			proxyType = 1;
			remoteGlobalIDString = A9551CAE2C12BAF30002AF0B;
			remoteInfo = ValMatcher;
		};
		A9551CCA2C12BAF50002AF0B /* PBXContainerItemProxy */ = {
			isa = PBXContainerItemProxy;
			containerPortal = A9551CA72C12BAF30002AF0B /* Project object */;
			proxyType = 1;
			remoteGlobalIDString = A9551CAE2C12BAF30002AF0B;
			remoteInfo = ValMatcher;
		};
/* End PBXContainerItemProxy section */

/* Begin PBXFileReference section */
		2726BC6C2C12CA4A001F6885 /* profilequestion .swift */ = {isa = PBXFileReference; lastKnownFileType = sourcecode.swift; path = "profilequestion .swift"; sourceTree = "<group>"; };
		A9115AA72C824A7000FBAF00 /* RequestPhotoAccess.swift */ = {isa = PBXFileReference; lastKnownFileType = sourcecode.swift; path = RequestPhotoAccess.swift; sourceTree = "<group>"; };
		A91470AD2C28076000380D39 /* FirestoreManager.swift */ = {isa = PBXFileReference; lastKnownFileType = sourcecode.swift; path = FirestoreManager.swift; sourceTree = "<group>"; };
		A91470AF2C280B3200380D39 /* Chat.swift */ = {isa = PBXFileReference; lastKnownFileType = sourcecode.swift; path = Chat.swift; sourceTree = "<group>"; };
		A924425B2C82EE7A00995C76 /* Info.plist */ = {isa = PBXFileReference; fileEncoding = 4; lastKnownFileType = text.plist.xml; path = Info.plist; sourceTree = "<group>"; };
		A924425E2C82F3E100995C76 /* LaunchScreen.storyboard */ = {isa = PBXFileReference; lastKnownFileType = file.storyboard; path = LaunchScreen.storyboard; sourceTree = "<group>"; };
		A932AF632C291FD40012A9D0 /* MatchNotification.swift */ = {isa = PBXFileReference; lastKnownFileType = sourcecode.swift; path = MatchNotification.swift; sourceTree = "<group>"; };
		A950C2392C49DF21001BA6B5 /* ImagePicker.swift */ = {isa = PBXFileReference; lastKnownFileType = sourcecode.swift; path = ImagePicker.swift; sourceTree = "<group>"; };
		A950C23F2C49EDB8001BA6B5 /* GoogleService-Info.plist */ = {isa = PBXFileReference; fileEncoding = 4; lastKnownFileType = text.plist.xml; path = "GoogleService-Info.plist"; sourceTree = "<group>"; };
		A9551CAF2C12BAF30002AF0B /* ValMatcher.app */ = {isa = PBXFileReference; explicitFileType = wrapper.application; includeInIndex = 0; path = ValMatcher.app; sourceTree = BUILT_PRODUCTS_DIR; };
		A9551CB22C12BAF30002AF0B /* ValMatcherApp.swift */ = {isa = PBXFileReference; lastKnownFileType = sourcecode.swift; path = ValMatcherApp.swift; sourceTree = "<group>"; };
		A9551CB42C12BAF30002AF0B /* ContentView.swift */ = {isa = PBXFileReference; lastKnownFileType = sourcecode.swift; path = ContentView.swift; sourceTree = "<group>"; };
		A9551CB62C12BAF40002AF0B /* Assets.xcassets */ = {isa = PBXFileReference; lastKnownFileType = folder.assetcatalog; path = Assets.xcassets; sourceTree = "<group>"; };
		A9551CB92C12BAF40002AF0B /* Preview Assets.xcassets */ = {isa = PBXFileReference; lastKnownFileType = folder.assetcatalog; path = "Preview Assets.xcassets"; sourceTree = "<group>"; };
		A9551CBF2C12BAF50002AF0B /* ValMatcherTests.xctest */ = {isa = PBXFileReference; explicitFileType = wrapper.cfbundle; includeInIndex = 0; path = ValMatcherTests.xctest; sourceTree = BUILT_PRODUCTS_DIR; };
		A9551CC32C12BAF50002AF0B /* ValMatcherTests.swift */ = {isa = PBXFileReference; lastKnownFileType = sourcecode.swift; path = ValMatcherTests.swift; sourceTree = "<group>"; };
		A9551CC92C12BAF50002AF0B /* ValMatcherUITests.xctest */ = {isa = PBXFileReference; explicitFileType = wrapper.cfbundle; includeInIndex = 0; path = ValMatcherUITests.xctest; sourceTree = BUILT_PRODUCTS_DIR; };
		A9551CCD2C12BAF50002AF0B /* ValMatcherUITests.swift */ = {isa = PBXFileReference; lastKnownFileType = sourcecode.swift; path = ValMatcherUITests.swift; sourceTree = "<group>"; };
		A9551CCF2C12BAF50002AF0B /* ValMatcherUITestsLaunchTests.swift */ = {isa = PBXFileReference; lastKnownFileType = sourcecode.swift; path = ValMatcherUITestsLaunchTests.swift; sourceTree = "<group>"; };
		A956FE802C1E78B200C9A8C3 /* ProfileView.swift */ = {isa = PBXFileReference; lastKnownFileType = sourcecode.swift; path = ProfileView.swift; sourceTree = "<group>"; };
		A956FE822C1E7B9400C9A8C3 /* UserProfile.swift */ = {isa = PBXFileReference; lastKnownFileType = sourcecode.swift; path = UserProfile.swift; sourceTree = "<group>"; };
		A956FE842C1E7BBF00C9A8C3 /* QuestionModel.swift */ = {isa = PBXFileReference; lastKnownFileType = sourcecode.swift; path = QuestionModel.swift; sourceTree = "<group>"; };
		A958582D2C13F63D00D68763 /* LoginView.swift */ = {isa = PBXFileReference; lastKnownFileType = sourcecode.swift; path = LoginView.swift; sourceTree = "<group>"; };
		A958582F2C13F66000D68763 /* SignUpView.swift */ = {isa = PBXFileReference; lastKnownFileType = sourcecode.swift; path = SignUpView.swift; sourceTree = "<group>"; };
		A95858312C13F76100D68763 /* NetworkManager.swift */ = {isa = PBXFileReference; lastKnownFileType = sourcecode.swift; path = NetworkManager.swift; sourceTree = "<group>"; };
		A96F022E2C760E7600567DC6 /* NotificationViewBanner.swift */ = {isa = PBXFileReference; lastKnownFileType = sourcecode.swift; path = NotificationViewBanner.swift; sourceTree = "<group>"; };
		A971C76E2C4C6C6200E9634A /* SettingsView.swift */ = {isa = PBXFileReference; lastKnownFileType = sourcecode.swift; path = SettingsView.swift; sourceTree = "<group>"; };
		A984D4DA2C1A222800BB75DB /* MatchView.swift */ = {isa = PBXFileReference; lastKnownFileType = sourcecode.swift; path = MatchView.swift; sourceTree = "<group>"; };
		A984D4DE2C1A23A500BB75DB /* ProfileSetupView.swift */ = {isa = PBXFileReference; lastKnownFileType = sourcecode.swift; path = ProfileSetupView.swift; sourceTree = "<group>"; };
		A984D4E62C1A299500BB75DB /* RandomProfileAlgorithm.swift */ = {isa = PBXFileReference; lastKnownFileType = sourcecode.swift; path = RandomProfileAlgorithm.swift; sourceTree = "<group>"; };
		A984D4E82C1A2A5600BB75DB /* DM.swift */ = {isa = PBXFileReference; lastKnownFileType = sourcecode.swift; path = DM.swift; sourceTree = "<group>"; };
		A984D4EA2C1A2E6300BB75DB /* DMHomeView.swift */ = {isa = PBXFileReference; lastKnownFileType = sourcecode.swift; path = DMHomeView.swift; sourceTree = "<group>"; };
		A9A63DF82C3245EA00F6198E /* MainView.swift */ = {isa = PBXFileReference; lastKnownFileType = sourcecode.swift; path = MainView.swift; sourceTree = "<group>"; };
		A9FAA11D2C4F5D7700048F32 /* UserProfileView.swift */ = {isa = PBXFileReference; lastKnownFileType = sourcecode.swift; path = UserProfileView.swift; sourceTree = "<group>"; };
		A9FAA11F2C4F65D300048F32 /* ChatView.swift */ = {isa = PBXFileReference; lastKnownFileType = sourcecode.swift; path = ChatView.swift; sourceTree = "<group>"; };
/* End PBXFileReference section */

/* Begin PBXFrameworksBuildPhase section */
		A9551CAC2C12BAF30002AF0B /* Frameworks */ = {
			isa = PBXFrameworksBuildPhase;
			buildActionMask = 2147483647;
			files = (
				A9551CF02C12BC4B0002AF0B /* FirebaseDatabase in Frameworks */,
				A9551CFE2C12BC4B0002AF0B /* FirebaseFunctionsCombine-Community in Frameworks */,
				A9551CF62C12BC4B0002AF0B /* FirebaseFirestore in Frameworks */,
				A9551CE22C12BC4B0002AF0B /* FirebaseAnalyticsSwift in Frameworks */,
				A9551CDE2C12BC4B0002AF0B /* FirebaseAnalytics in Frameworks */,
				A9551CE02C12BC4B0002AF0B /* FirebaseAnalyticsOnDeviceConversion in Frameworks */,
				A9551D062C12BC4B0002AF0B /* FirebaseMLModelDownloader in Frameworks */,
				A9551CFA2C12BC4B0002AF0B /* FirebaseFirestoreSwift in Frameworks */,
				A94117412C84598800DD70FD /* Kingfisher in Frameworks */,
				A9551CE62C12BC4B0002AF0B /* FirebaseAppCheck in Frameworks */,
				A9551CE42C12BC4B0002AF0B /* FirebaseAnalyticsWithoutAdIdSupport in Frameworks */,
				A9551CEA2C12BC4B0002AF0B /* FirebaseAuth in Frameworks */,
				A9551CEE2C12BC4B0002AF0B /* FirebaseCrashlytics in Frameworks */,
				A9551D0E2C12BC4B0002AF0B /* FirebaseRemoteConfigSwift in Frameworks */,
				A9551D002C12BC4B0002AF0B /* FirebaseInAppMessaging-Beta in Frameworks */,
				A9551CF22C12BC4B0002AF0B /* FirebaseDatabaseSwift in Frameworks */,
				A9551CFC2C12BC4B0002AF0B /* FirebaseFunctions in Frameworks */,
				A9551D122C12BC4B0002AF0B /* FirebaseStorageCombine-Community in Frameworks */,
				A9551D0C2C12BC4B0002AF0B /* FirebaseRemoteConfig in Frameworks */,
				A9551CE82C12BC4B0002AF0B /* FirebaseAppDistribution-Beta in Frameworks */,
				A9551CEC2C12BC4B0002AF0B /* FirebaseAuthCombine-Community in Frameworks */,
				A9551D0A2C12BC4B0002AF0B /* FirebasePerformance in Frameworks */,
				A9551D022C12BC4B0002AF0B /* FirebaseInAppMessagingSwift-Beta in Frameworks */,
				A9551D102C12BC4B0002AF0B /* FirebaseStorage in Frameworks */,
				A9551CF42C12BC4B0002AF0B /* FirebaseDynamicLinks in Frameworks */,
				A9551D142C12BC4B0002AF0B /* FirebaseVertexAI-Preview in Frameworks */,
				A9551CF82C12BC4B0002AF0B /* FirebaseFirestoreCombine-Community in Frameworks */,
				A9551D082C12BC4B0002AF0B /* FirebaseMessaging in Frameworks */,
				A9551D042C12BC4B0002AF0B /* FirebaseInstallations in Frameworks */,
			);
			runOnlyForDeploymentPostprocessing = 0;
		};
		A9551CBC2C12BAF50002AF0B /* Frameworks */ = {
			isa = PBXFrameworksBuildPhase;
			buildActionMask = 2147483647;
			files = (
			);
			runOnlyForDeploymentPostprocessing = 0;
		};
		A9551CC62C12BAF50002AF0B /* Frameworks */ = {
			isa = PBXFrameworksBuildPhase;
			buildActionMask = 2147483647;
			files = (
			);
			runOnlyForDeploymentPostprocessing = 0;
		};
/* End PBXFrameworksBuildPhase section */

/* Begin PBXGroup section */
		A941173F2C84598800DD70FD /* Frameworks */ = {
			isa = PBXGroup;
			children = (
			);
			name = Frameworks;
			sourceTree = "<group>";
		};
		A9551CA62C12BAF30002AF0B = {
			isa = PBXGroup;
			children = (
				A924425B2C82EE7A00995C76 /* Info.plist */,
				A950C23F2C49EDB8001BA6B5 /* GoogleService-Info.plist */,
				A9551CB12C12BAF30002AF0B /* ValMatcher */,
				A9551CC22C12BAF50002AF0B /* ValMatcherTests */,
				A9551CCC2C12BAF50002AF0B /* ValMatcherUITests */,
				A9551CB02C12BAF30002AF0B /* Products */,
				A941173F2C84598800DD70FD /* Frameworks */,
			);
			sourceTree = "<group>";
		};
		A9551CB02C12BAF30002AF0B /* Products */ = {
			isa = PBXGroup;
			children = (
				A9551CAF2C12BAF30002AF0B /* ValMatcher.app */,
				A9551CBF2C12BAF50002AF0B /* ValMatcherTests.xctest */,
				A9551CC92C12BAF50002AF0B /* ValMatcherUITests.xctest */,
			);
			name = Products;
			sourceTree = "<group>";
		};
		A9551CB12C12BAF30002AF0B /* ValMatcher */ = {
			isa = PBXGroup;
			children = (
				A9551CB22C12BAF30002AF0B /* ValMatcherApp.swift */,
				A950C2392C49DF21001BA6B5 /* ImagePicker.swift */,
				A958582D2C13F63D00D68763 /* LoginView.swift */,
				A958582F2C13F66000D68763 /* SignUpView.swift */,
				A984D4DE2C1A23A500BB75DB /* ProfileSetupView.swift */,
				A95858312C13F76100D68763 /* NetworkManager.swift */,
				A984D4DA2C1A222800BB75DB /* MatchView.swift */,
				A932AF632C291FD40012A9D0 /* MatchNotification.swift */,
				A971C76E2C4C6C6200E9634A /* SettingsView.swift */,
				A984D4E62C1A299500BB75DB /* RandomProfileAlgorithm.swift */,
				A956FE822C1E7B9400C9A8C3 /* UserProfile.swift */,
				A956FE842C1E7BBF00C9A8C3 /* QuestionModel.swift */,
				A91470AD2C28076000380D39 /* FirestoreManager.swift */,
				A9115AA72C824A7000FBAF00 /* RequestPhotoAccess.swift */,
				A9551CB62C12BAF40002AF0B /* Assets.xcassets */,
				A9551CB82C12BAF40002AF0B /* Preview Content */,
				2726BC6C2C12CA4A001F6885 /* profilequestion .swift */,
				A924425E2C82F3E100995C76 /* LaunchScreen.storyboard */,
			);
			path = ValMatcher;
			sourceTree = "<group>";
		};
		A9551CB82C12BAF40002AF0B /* Preview Content */ = {
			isa = PBXGroup;
			children = (
				A9551CB92C12BAF40002AF0B /* Preview Assets.xcassets */,
				A9551CB42C12BAF30002AF0B /* ContentView.swift */,
				A9A63DF82C3245EA00F6198E /* MainView.swift */,
				A984D4E82C1A2A5600BB75DB /* DM.swift */,
				A9FAA11F2C4F65D300048F32 /* ChatView.swift */,
				A984D4EA2C1A2E6300BB75DB /* DMHomeView.swift */,
				A91470AF2C280B3200380D39 /* Chat.swift */,
				A956FE802C1E78B200C9A8C3 /* ProfileView.swift */,
				A9FAA11D2C4F5D7700048F32 /* UserProfileView.swift */,
				A96F022E2C760E7600567DC6 /* NotificationViewBanner.swift */,
			);
			path = "Preview Content";
			sourceTree = "<group>";
		};
		A9551CC22C12BAF50002AF0B /* ValMatcherTests */ = {
			isa = PBXGroup;
			children = (
				A9551CC32C12BAF50002AF0B /* ValMatcherTests.swift */,
			);
			path = ValMatcherTests;
			sourceTree = "<group>";
		};
		A9551CCC2C12BAF50002AF0B /* ValMatcherUITests */ = {
			isa = PBXGroup;
			children = (
				A9551CCD2C12BAF50002AF0B /* ValMatcherUITests.swift */,
				A9551CCF2C12BAF50002AF0B /* ValMatcherUITestsLaunchTests.swift */,
			);
			path = ValMatcherUITests;
			sourceTree = "<group>";
		};
/* End PBXGroup section */

/* Begin PBXNativeTarget section */
		A9551CAE2C12BAF30002AF0B /* ValMatcher */ = {
			isa = PBXNativeTarget;
			buildConfigurationList = A9551CD32C12BAF50002AF0B /* Build configuration list for PBXNativeTarget "ValMatcher" */;
			buildPhases = (
				A9551CAB2C12BAF30002AF0B /* Sources */,
				A9551CAC2C12BAF30002AF0B /* Frameworks */,
				A9551CAD2C12BAF30002AF0B /* Resources */,
			);
			buildRules = (
			);
			dependencies = (
			);
			name = ValMatcher;
			packageProductDependencies = (
				A9551CDD2C12BC4B0002AF0B /* FirebaseAnalytics */,
				A9551CDF2C12BC4B0002AF0B /* FirebaseAnalyticsOnDeviceConversion */,
				A9551CE12C12BC4B0002AF0B /* FirebaseAnalyticsSwift */,
				A9551CE32C12BC4B0002AF0B /* FirebaseAnalyticsWithoutAdIdSupport */,
				A9551CE52C12BC4B0002AF0B /* FirebaseAppCheck */,
				A9551CE72C12BC4B0002AF0B /* FirebaseAppDistribution-Beta */,
				A9551CE92C12BC4B0002AF0B /* FirebaseAuth */,
				A9551CEB2C12BC4B0002AF0B /* FirebaseAuthCombine-Community */,
				A9551CED2C12BC4B0002AF0B /* FirebaseCrashlytics */,
				A9551CEF2C12BC4B0002AF0B /* FirebaseDatabase */,
				A9551CF12C12BC4B0002AF0B /* FirebaseDatabaseSwift */,
				A9551CF32C12BC4B0002AF0B /* FirebaseDynamicLinks */,
				A9551CF52C12BC4B0002AF0B /* FirebaseFirestore */,
				A9551CF72C12BC4B0002AF0B /* FirebaseFirestoreCombine-Community */,
				A9551CF92C12BC4B0002AF0B /* FirebaseFirestoreSwift */,
				A9551CFB2C12BC4B0002AF0B /* FirebaseFunctions */,
				A9551CFD2C12BC4B0002AF0B /* FirebaseFunctionsCombine-Community */,
				A9551CFF2C12BC4B0002AF0B /* FirebaseInAppMessaging-Beta */,
				A9551D012C12BC4B0002AF0B /* FirebaseInAppMessagingSwift-Beta */,
				A9551D032C12BC4B0002AF0B /* FirebaseInstallations */,
				A9551D052C12BC4B0002AF0B /* FirebaseMLModelDownloader */,
				A9551D072C12BC4B0002AF0B /* FirebaseMessaging */,
				A9551D092C12BC4B0002AF0B /* FirebasePerformance */,
				A9551D0B2C12BC4B0002AF0B /* FirebaseRemoteConfig */,
				A9551D0D2C12BC4B0002AF0B /* FirebaseRemoteConfigSwift */,
				A9551D0F2C12BC4B0002AF0B /* FirebaseStorage */,
				A9551D112C12BC4B0002AF0B /* FirebaseStorageCombine-Community */,
				A9551D132C12BC4B0002AF0B /* FirebaseVertexAI-Preview */,
				A94117402C84598800DD70FD /* Kingfisher */,
			);
			productName = ValMatcher;
			productReference = A9551CAF2C12BAF30002AF0B /* ValMatcher.app */;
			productType = "com.apple.product-type.application";
		};
		A9551CBE2C12BAF50002AF0B /* ValMatcherTests */ = {
			isa = PBXNativeTarget;
			buildConfigurationList = A9551CD62C12BAF50002AF0B /* Build configuration list for PBXNativeTarget "ValMatcherTests" */;
			buildPhases = (
				A9551CBB2C12BAF50002AF0B /* Sources */,
				A9551CBC2C12BAF50002AF0B /* Frameworks */,
				A9551CBD2C12BAF50002AF0B /* Resources */,
			);
			buildRules = (
			);
			dependencies = (
				A9551CC12C12BAF50002AF0B /* PBXTargetDependency */,
			);
			name = ValMatcherTests;
			productName = ValMatcherTests;
			productReference = A9551CBF2C12BAF50002AF0B /* ValMatcherTests.xctest */;
			productType = "com.apple.product-type.bundle.unit-test";
		};
		A9551CC82C12BAF50002AF0B /* ValMatcherUITests */ = {
			isa = PBXNativeTarget;
			buildConfigurationList = A9551CD92C12BAF50002AF0B /* Build configuration list for PBXNativeTarget "ValMatcherUITests" */;
			buildPhases = (
				A9551CC52C12BAF50002AF0B /* Sources */,
				A9551CC62C12BAF50002AF0B /* Frameworks */,
				A9551CC72C12BAF50002AF0B /* Resources */,
			);
			buildRules = (
			);
			dependencies = (
				A9551CCB2C12BAF50002AF0B /* PBXTargetDependency */,
			);
			name = ValMatcherUITests;
			productName = ValMatcherUITests;
			productReference = A9551CC92C12BAF50002AF0B /* ValMatcherUITests.xctest */;
			productType = "com.apple.product-type.bundle.ui-testing";
		};
/* End PBXNativeTarget section */

/* Begin PBXProject section */
		A9551CA72C12BAF30002AF0B /* Project object */ = {
			isa = PBXProject;
			attributes = {
				BuildIndependentTargetsInParallel = 1;
				LastSwiftUpdateCheck = 1540;
				LastUpgradeCheck = 1540;
				TargetAttributes = {
					A9551CAE2C12BAF30002AF0B = {
						CreatedOnToolsVersion = 15.4;
					};
					A9551CBE2C12BAF50002AF0B = {
						CreatedOnToolsVersion = 15.4;
						TestTargetID = A9551CAE2C12BAF30002AF0B;
					};
					A9551CC82C12BAF50002AF0B = {
						CreatedOnToolsVersion = 15.4;
						TestTargetID = A9551CAE2C12BAF30002AF0B;
					};
				};
			};
			buildConfigurationList = A9551CAA2C12BAF30002AF0B /* Build configuration list for PBXProject "ValMatcher" */;
			compatibilityVersion = "Xcode 14.0";
			developmentRegion = en;
			hasScannedForEncodings = 0;
			knownRegions = (
				en,
				Base,
			);
			mainGroup = A9551CA62C12BAF30002AF0B;
			packageReferences = (
				A9551CDC2C12BC4B0002AF0B /* XCRemoteSwiftPackageReference "firebase-ios-sdk" */,
				A941173E2C84568100DD70FD /* XCRemoteSwiftPackageReference "Kingfisher" */,
			);
			productRefGroup = A9551CB02C12BAF30002AF0B /* Products */;
			projectDirPath = "";
			projectRoot = "";
			targets = (
				A9551CAE2C12BAF30002AF0B /* ValMatcher */,
				A9551CBE2C12BAF50002AF0B /* ValMatcherTests */,
				A9551CC82C12BAF50002AF0B /* ValMatcherUITests */,
			);
		};
/* End PBXProject section */

/* Begin PBXResourcesBuildPhase section */
		A9551CAD2C12BAF30002AF0B /* Resources */ = {
			isa = PBXResourcesBuildPhase;
			buildActionMask = 2147483647;
			files = (
				A9551CBA2C12BAF40002AF0B /* Preview Assets.xcassets in Resources */,
				A924425F2C82F3E100995C76 /* LaunchScreen.storyboard in Resources */,
				A9551CB72C12BAF40002AF0B /* Assets.xcassets in Resources */,
				A950C2402C49EDB8001BA6B5 /* GoogleService-Info.plist in Resources */,
			);
			runOnlyForDeploymentPostprocessing = 0;
		};
		A9551CBD2C12BAF50002AF0B /* Resources */ = {
			isa = PBXResourcesBuildPhase;
			buildActionMask = 2147483647;
			files = (
			);
			runOnlyForDeploymentPostprocessing = 0;
		};
		A9551CC72C12BAF50002AF0B /* Resources */ = {
			isa = PBXResourcesBuildPhase;
			buildActionMask = 2147483647;
			files = (
			);
			runOnlyForDeploymentPostprocessing = 0;
		};
/* End PBXResourcesBuildPhase section */

/* Begin PBXSourcesBuildPhase section */
		A9551CAB2C12BAF30002AF0B /* Sources */ = {
			isa = PBXSourcesBuildPhase;
			buildActionMask = 2147483647;
			files = (
				A9115AA82C824A7000FBAF00 /* RequestPhotoAccess.swift in Sources */,
				A971C76F2C4C6C6200E9634A /* SettingsView.swift in Sources */,
				A95858302C13F66000D68763 /* SignUpView.swift in Sources */,
				A9FAA1202C4F65D300048F32 /* ChatView.swift in Sources */,
				A958582E2C13F63D00D68763 /* LoginView.swift in Sources */,
				A956FE832C1E7B9400C9A8C3 /* UserProfile.swift in Sources */,
				A96F022F2C760E7600567DC6 /* NotificationViewBanner.swift in Sources */,
				A984D4EB2C1A2E6300BB75DB /* DMHomeView.swift in Sources */,
				A95858322C13F76100D68763 /* NetworkManager.swift in Sources */,
				A9551CB52C12BAF30002AF0B /* ContentView.swift in Sources */,
				A950C23A2C49DF21001BA6B5 /* ImagePicker.swift in Sources */,
				A956FE852C1E7BBF00C9A8C3 /* QuestionModel.swift in Sources */,
				A984D4DB2C1A222800BB75DB /* MatchView.swift in Sources */,
				2726BC6D2C12CA4A001F6885 /* profilequestion .swift in Sources */,
				A984D4E92C1A2A5600BB75DB /* DM.swift in Sources */,
				A9FAA11E2C4F5D7700048F32 /* UserProfileView.swift in Sources */,
				A984D4E72C1A299500BB75DB /* RandomProfileAlgorithm.swift in Sources */,
				A9A63DF92C3245EA00F6198E /* MainView.swift in Sources */,
				A91470B02C280B3200380D39 /* Chat.swift in Sources */,
				A984D4DF2C1A23A500BB75DB /* ProfileSetupView.swift in Sources */,
				A932AF642C291FD40012A9D0 /* MatchNotification.swift in Sources */,
				A956FE812C1E78B200C9A8C3 /* ProfileView.swift in Sources */,
				A91470AE2C28076000380D39 /* FirestoreManager.swift in Sources */,
				A9551CB32C12BAF30002AF0B /* ValMatcherApp.swift in Sources */,
			);
			runOnlyForDeploymentPostprocessing = 0;
		};
		A9551CBB2C12BAF50002AF0B /* Sources */ = {
			isa = PBXSourcesBuildPhase;
			buildActionMask = 2147483647;
			files = (
				A9551CC42C12BAF50002AF0B /* ValMatcherTests.swift in Sources */,
			);
			runOnlyForDeploymentPostprocessing = 0;
		};
		A9551CC52C12BAF50002AF0B /* Sources */ = {
			isa = PBXSourcesBuildPhase;
			buildActionMask = 2147483647;
			files = (
				A9551CCE2C12BAF50002AF0B /* ValMatcherUITests.swift in Sources */,
				A9551CD02C12BAF50002AF0B /* ValMatcherUITestsLaunchTests.swift in Sources */,
			);
			runOnlyForDeploymentPostprocessing = 0;
		};
/* End PBXSourcesBuildPhase section */

/* Begin PBXTargetDependency section */
		A9551CC12C12BAF50002AF0B /* PBXTargetDependency */ = {
			isa = PBXTargetDependency;
			target = A9551CAE2C12BAF30002AF0B /* ValMatcher */;
			targetProxy = A9551CC02C12BAF50002AF0B /* PBXContainerItemProxy */;
		};
		A9551CCB2C12BAF50002AF0B /* PBXTargetDependency */ = {
			isa = PBXTargetDependency;
			target = A9551CAE2C12BAF30002AF0B /* ValMatcher */;
			targetProxy = A9551CCA2C12BAF50002AF0B /* PBXContainerItemProxy */;
		};
/* End PBXTargetDependency section */

/* Begin XCBuildConfiguration section */
		A9551CD12C12BAF50002AF0B /* Debug */ = {
			isa = XCBuildConfiguration;
			buildSettings = {
				ALWAYS_SEARCH_USER_PATHS = NO;
				ASSETCATALOG_COMPILER_GENERATE_SWIFT_ASSET_SYMBOL_EXTENSIONS = YES;
				CLANG_ANALYZER_NONNULL = YES;
				CLANG_ANALYZER_NUMBER_OBJECT_CONVERSION = YES_AGGRESSIVE;
				CLANG_CXX_LANGUAGE_STANDARD = "gnu++20";
				CLANG_ENABLE_MODULES = YES;
				CLANG_ENABLE_OBJC_ARC = YES;
				CLANG_ENABLE_OBJC_WEAK = YES;
				CLANG_WARN_BLOCK_CAPTURE_AUTORELEASING = YES;
				CLANG_WARN_BOOL_CONVERSION = YES;
				CLANG_WARN_COMMA = YES;
				CLANG_WARN_CONSTANT_CONVERSION = YES;
				CLANG_WARN_DEPRECATED_OBJC_IMPLEMENTATIONS = YES;
				CLANG_WARN_DIRECT_OBJC_ISA_USAGE = YES_ERROR;
				CLANG_WARN_DOCUMENTATION_COMMENTS = YES;
				CLANG_WARN_EMPTY_BODY = YES;
				CLANG_WARN_ENUM_CONVERSION = YES;
				CLANG_WARN_INFINITE_RECURSION = YES;
				CLANG_WARN_INT_CONVERSION = YES;
				CLANG_WARN_NON_LITERAL_NULL_CONVERSION = YES;
				CLANG_WARN_OBJC_IMPLICIT_RETAIN_SELF = YES;
				CLANG_WARN_OBJC_LITERAL_CONVERSION = YES;
				CLANG_WARN_OBJC_ROOT_CLASS = YES_ERROR;
				CLANG_WARN_QUOTED_INCLUDE_IN_FRAMEWORK_HEADER = YES;
				CLANG_WARN_RANGE_LOOP_ANALYSIS = YES;
				CLANG_WARN_STRICT_PROTOTYPES = YES;
				CLANG_WARN_SUSPICIOUS_MOVE = YES;
				CLANG_WARN_UNGUARDED_AVAILABILITY = YES_AGGRESSIVE;
				CLANG_WARN_UNREACHABLE_CODE = YES;
				CLANG_WARN__DUPLICATE_METHOD_MATCH = YES;
				COPY_PHASE_STRIP = NO;
				DEBUG_INFORMATION_FORMAT = dwarf;
				ENABLE_STRICT_OBJC_MSGSEND = YES;
				ENABLE_TESTABILITY = YES;
				ENABLE_USER_SCRIPT_SANDBOXING = YES;
				GCC_C_LANGUAGE_STANDARD = gnu17;
				GCC_DYNAMIC_NO_PIC = NO;
				GCC_NO_COMMON_BLOCKS = YES;
				GCC_OPTIMIZATION_LEVEL = 0;
				GCC_PREPROCESSOR_DEFINITIONS = (
					"DEBUG=1",
					"$(inherited)",
				);
				GCC_WARN_64_TO_32_BIT_CONVERSION = YES;
				GCC_WARN_ABOUT_RETURN_TYPE = YES_ERROR;
				GCC_WARN_UNDECLARED_SELECTOR = YES;
				GCC_WARN_UNINITIALIZED_AUTOS = YES_AGGRESSIVE;
				GCC_WARN_UNUSED_FUNCTION = YES;
				GCC_WARN_UNUSED_VARIABLE = YES;
				IPHONEOS_DEPLOYMENT_TARGET = 17.5;
				LOCALIZATION_PREFERS_STRING_CATALOGS = YES;
				MTL_ENABLE_DEBUG_INFO = INCLUDE_SOURCE;
				MTL_FAST_MATH = YES;
				ONLY_ACTIVE_ARCH = YES;
				SDKROOT = iphoneos;
				SWIFT_ACTIVE_COMPILATION_CONDITIONS = "DEBUG $(inherited)";
				SWIFT_OPTIMIZATION_LEVEL = "-Onone";
			};
			name = Debug;
		};
		A9551CD22C12BAF50002AF0B /* Release */ = {
			isa = XCBuildConfiguration;
			buildSettings = {
				ALWAYS_SEARCH_USER_PATHS = NO;
				ASSETCATALOG_COMPILER_GENERATE_SWIFT_ASSET_SYMBOL_EXTENSIONS = YES;
				CLANG_ANALYZER_NONNULL = YES;
				CLANG_ANALYZER_NUMBER_OBJECT_CONVERSION = YES_AGGRESSIVE;
				CLANG_CXX_LANGUAGE_STANDARD = "gnu++20";
				CLANG_ENABLE_MODULES = YES;
				CLANG_ENABLE_OBJC_ARC = YES;
				CLANG_ENABLE_OBJC_WEAK = YES;
				CLANG_WARN_BLOCK_CAPTURE_AUTORELEASING = YES;
				CLANG_WARN_BOOL_CONVERSION = YES;
				CLANG_WARN_COMMA = YES;
				CLANG_WARN_CONSTANT_CONVERSION = YES;
				CLANG_WARN_DEPRECATED_OBJC_IMPLEMENTATIONS = YES;
				CLANG_WARN_DIRECT_OBJC_ISA_USAGE = YES_ERROR;
				CLANG_WARN_DOCUMENTATION_COMMENTS = YES;
				CLANG_WARN_EMPTY_BODY = YES;
				CLANG_WARN_ENUM_CONVERSION = YES;
				CLANG_WARN_INFINITE_RECURSION = YES;
				CLANG_WARN_INT_CONVERSION = YES;
				CLANG_WARN_NON_LITERAL_NULL_CONVERSION = YES;
				CLANG_WARN_OBJC_IMPLICIT_RETAIN_SELF = YES;
				CLANG_WARN_OBJC_LITERAL_CONVERSION = YES;
				CLANG_WARN_OBJC_ROOT_CLASS = YES_ERROR;
				CLANG_WARN_QUOTED_INCLUDE_IN_FRAMEWORK_HEADER = YES;
				CLANG_WARN_RANGE_LOOP_ANALYSIS = YES;
				CLANG_WARN_STRICT_PROTOTYPES = YES;
				CLANG_WARN_SUSPICIOUS_MOVE = YES;
				CLANG_WARN_UNGUARDED_AVAILABILITY = YES_AGGRESSIVE;
				CLANG_WARN_UNREACHABLE_CODE = YES;
				CLANG_WARN__DUPLICATE_METHOD_MATCH = YES;
				COPY_PHASE_STRIP = NO;
				DEBUG_INFORMATION_FORMAT = "dwarf-with-dsym";
				ENABLE_NS_ASSERTIONS = NO;
				ENABLE_STRICT_OBJC_MSGSEND = YES;
				ENABLE_USER_SCRIPT_SANDBOXING = YES;
				GCC_C_LANGUAGE_STANDARD = gnu17;
				GCC_NO_COMMON_BLOCKS = YES;
				GCC_WARN_64_TO_32_BIT_CONVERSION = YES;
				GCC_WARN_ABOUT_RETURN_TYPE = YES_ERROR;
				GCC_WARN_UNDECLARED_SELECTOR = YES;
				GCC_WARN_UNINITIALIZED_AUTOS = YES_AGGRESSIVE;
				GCC_WARN_UNUSED_FUNCTION = YES;
				GCC_WARN_UNUSED_VARIABLE = YES;
				IPHONEOS_DEPLOYMENT_TARGET = 17.5;
				LOCALIZATION_PREFERS_STRING_CATALOGS = YES;
				MTL_ENABLE_DEBUG_INFO = NO;
				MTL_FAST_MATH = YES;
				SDKROOT = iphoneos;
				SWIFT_COMPILATION_MODE = wholemodule;
				VALIDATE_PRODUCT = YES;
			};
			name = Release;
		};
		A9551CD42C12BAF50002AF0B /* Debug */ = {
			isa = XCBuildConfiguration;
			buildSettings = {
				ASSETCATALOG_COMPILER_APPICON_NAME = AppIcon;
				ASSETCATALOG_COMPILER_GLOBAL_ACCENT_COLOR_NAME = AccentColor;
				CODE_SIGN_STYLE = Automatic;
				CURRENT_PROJECT_VERSION = 1;
				DEVELOPMENT_ASSET_PATHS = "\"ValMatcher/Preview Content\"";
				DEVELOPMENT_TEAM = BS733W2DRA;
				ENABLE_PREVIEWS = YES;
				GENERATE_INFOPLIST_FILE = NO;
				INFOPLIST_FILE = "$(SRCROOT)/Info.plist";
				INFOPLIST_KEY_UIApplicationSceneManifest_Generation = YES;
				INFOPLIST_KEY_UIApplicationSupportsIndirectInputEvents = YES;
				INFOPLIST_KEY_UILaunchScreen_Generation = YES;
				INFOPLIST_KEY_UIRequiresFullScreen = YES;
				INFOPLIST_KEY_UISupportedInterfaceOrientations_iPad = "UIInterfaceOrientationPortrait UIInterfaceOrientationPortraitUpsideDown UIInterfaceOrientationLandscapeLeft UIInterfaceOrientationLandscapeRight";
				INFOPLIST_KEY_UISupportedInterfaceOrientations_iPhone = "UIInterfaceOrientationPortrait UIInterfaceOrientationLandscapeLeft UIInterfaceOrientationLandscapeRight";
				LD_RUNPATH_SEARCH_PATHS = (
					"$(inherited)",
					"@executable_path/Frameworks",
				);
				MARKETING_VERSION = 1.0;
				PRODUCT_BUNDLE_IDENTIFIER = com.yourexample.ValMatcher;
				PRODUCT_NAME = "$(TARGET_NAME)";
				SWIFT_EMIT_LOC_STRINGS = YES;
				SWIFT_VERSION = 5.0;
				TARGETED_DEVICE_FAMILY = "1,2";
			};
			name = Debug;
		};
		A9551CD52C12BAF50002AF0B /* Release */ = {
			isa = XCBuildConfiguration;
			buildSettings = {
				ASSETCATALOG_COMPILER_APPICON_NAME = AppIcon;
				ASSETCATALOG_COMPILER_GLOBAL_ACCENT_COLOR_NAME = AccentColor;
				CODE_SIGN_STYLE = Automatic;
				CURRENT_PROJECT_VERSION = 1;
				DEVELOPMENT_ASSET_PATHS = "\"ValMatcher/Preview Content\"";
				DEVELOPMENT_TEAM = ZLKH77N9TP;
				ENABLE_PREVIEWS = YES;
				GENERATE_INFOPLIST_FILE = NO;
				INFOPLIST_FILE = "$(SRCROOT)/Info.plist";
				INFOPLIST_KEY_UIApplicationSceneManifest_Generation = YES;
				INFOPLIST_KEY_UIApplicationSupportsIndirectInputEvents = YES;
				INFOPLIST_KEY_UILaunchScreen_Generation = YES;
				INFOPLIST_KEY_UIRequiresFullScreen = YES;
				INFOPLIST_KEY_UISupportedInterfaceOrientations_iPad = "UIInterfaceOrientationPortrait UIInterfaceOrientationPortraitUpsideDown UIInterfaceOrientationLandscapeLeft UIInterfaceOrientationLandscapeRight";
				INFOPLIST_KEY_UISupportedInterfaceOrientations_iPhone = "UIInterfaceOrientationPortrait UIInterfaceOrientationLandscapeLeft UIInterfaceOrientationLandscapeRight";
				LD_RUNPATH_SEARCH_PATHS = (
					"$(inherited)",
					"@executable_path/Frameworks",
				);
				MARKETING_VERSION = 1.0;
				PRODUCT_BUNDLE_IDENTIFIER = com.example.ValMatcher;
				PRODUCT_NAME = "$(TARGET_NAME)";
				SWIFT_EMIT_LOC_STRINGS = YES;
				SWIFT_VERSION = 5.0;
				TARGETED_DEVICE_FAMILY = "1,2";
			};
			name = Release;
		};
		A9551CD72C12BAF50002AF0B /* Debug */ = {
			isa = XCBuildConfiguration;
			buildSettings = {
				ALWAYS_EMBED_SWIFT_STANDARD_LIBRARIES = YES;
				BUNDLE_LOADER = "$(TEST_HOST)";
				CODE_SIGN_STYLE = Automatic;
				CURRENT_PROJECT_VERSION = 1;
				DEVELOPMENT_TEAM = ZLKH77N9TP;
				GENERATE_INFOPLIST_FILE = YES;
				IPHONEOS_DEPLOYMENT_TARGET = 17.5;
				MARKETING_VERSION = 1.0;
				PRODUCT_BUNDLE_IDENTIFIER = com.example.ValMatcherTests;
				PRODUCT_NAME = "$(TARGET_NAME)";
				SWIFT_EMIT_LOC_STRINGS = NO;
				SWIFT_VERSION = 5.0;
				TARGETED_DEVICE_FAMILY = "1,2";
				TEST_HOST = "$(BUILT_PRODUCTS_DIR)/ValMatcher.app/$(BUNDLE_EXECUTABLE_FOLDER_PATH)/ValMatcher";
			};
			name = Debug;
		};
		A9551CD82C12BAF50002AF0B /* Release */ = {
			isa = XCBuildConfiguration;
			buildSettings = {
				ALWAYS_EMBED_SWIFT_STANDARD_LIBRARIES = YES;
				BUNDLE_LOADER = "$(TEST_HOST)";
				CODE_SIGN_STYLE = Automatic;
				CURRENT_PROJECT_VERSION = 1;
				DEVELOPMENT_TEAM = ZLKH77N9TP;
				GENERATE_INFOPLIST_FILE = YES;
				IPHONEOS_DEPLOYMENT_TARGET = 17.5;
				MARKETING_VERSION = 1.0;
				PRODUCT_BUNDLE_IDENTIFIER = com.example.ValMatcherTests;
				PRODUCT_NAME = "$(TARGET_NAME)";
				SWIFT_EMIT_LOC_STRINGS = NO;
				SWIFT_VERSION = 5.0;
				TARGETED_DEVICE_FAMILY = "1,2";
				TEST_HOST = "$(BUILT_PRODUCTS_DIR)/ValMatcher.app/$(BUNDLE_EXECUTABLE_FOLDER_PATH)/ValMatcher";
			};
			name = Release;
		};
		A9551CDA2C12BAF50002AF0B /* Debug */ = {
			isa = XCBuildConfiguration;
			buildSettings = {
				ALWAYS_EMBED_SWIFT_STANDARD_LIBRARIES = YES;
				CODE_SIGN_STYLE = Automatic;
				CURRENT_PROJECT_VERSION = 1;
				DEVELOPMENT_TEAM = ZLKH77N9TP;
				GENERATE_INFOPLIST_FILE = YES;
				MARKETING_VERSION = 1.0;
				PRODUCT_BUNDLE_IDENTIFIER = com.example.ValMatcherUITests;
				PRODUCT_NAME = "$(TARGET_NAME)";
				SWIFT_EMIT_LOC_STRINGS = NO;
				SWIFT_VERSION = 5.0;
				TARGETED_DEVICE_FAMILY = "1,2";
				TEST_TARGET_NAME = ValMatcher;
			};
			name = Debug;
		};
		A9551CDB2C12BAF50002AF0B /* Release */ = {
			isa = XCBuildConfiguration;
			buildSettings = {
				ALWAYS_EMBED_SWIFT_STANDARD_LIBRARIES = YES;
				CODE_SIGN_STYLE = Automatic;
				CURRENT_PROJECT_VERSION = 1;
				DEVELOPMENT_TEAM = ZLKH77N9TP;
				GENERATE_INFOPLIST_FILE = YES;
				MARKETING_VERSION = 1.0;
				PRODUCT_BUNDLE_IDENTIFIER = com.example.ValMatcherUITests;
				PRODUCT_NAME = "$(TARGET_NAME)";
				SWIFT_EMIT_LOC_STRINGS = NO;
				SWIFT_VERSION = 5.0;
				TARGETED_DEVICE_FAMILY = "1,2";
				TEST_TARGET_NAME = ValMatcher;
			};
			name = Release;
		};
/* End XCBuildConfiguration section */

/* Begin XCConfigurationList section */
		A9551CAA2C12BAF30002AF0B /* Build configuration list for PBXProject "ValMatcher" */ = {
			isa = XCConfigurationList;
			buildConfigurations = (
				A9551CD12C12BAF50002AF0B /* Debug */,
				A9551CD22C12BAF50002AF0B /* Release */,
			);
			defaultConfigurationIsVisible = 0;
			defaultConfigurationName = Release;
		};
		A9551CD32C12BAF50002AF0B /* Build configuration list for PBXNativeTarget "ValMatcher" */ = {
			isa = XCConfigurationList;
			buildConfigurations = (
				A9551CD42C12BAF50002AF0B /* Debug */,
				A9551CD52C12BAF50002AF0B /* Release */,
			);
			defaultConfigurationIsVisible = 0;
			defaultConfigurationName = Release;
		};
		A9551CD62C12BAF50002AF0B /* Build configuration list for PBXNativeTarget "ValMatcherTests" */ = {
			isa = XCConfigurationList;
			buildConfigurations = (
				A9551CD72C12BAF50002AF0B /* Debug */,
				A9551CD82C12BAF50002AF0B /* Release */,
			);
			defaultConfigurationIsVisible = 0;
			defaultConfigurationName = Release;
		};
		A9551CD92C12BAF50002AF0B /* Build configuration list for PBXNativeTarget "ValMatcherUITests" */ = {
			isa = XCConfigurationList;
			buildConfigurations = (
				A9551CDA2C12BAF50002AF0B /* Debug */,
				A9551CDB2C12BAF50002AF0B /* Release */,
			);
			defaultConfigurationIsVisible = 0;
			defaultConfigurationName = Release;
		};
/* End XCConfigurationList section */

/* Begin XCRemoteSwiftPackageReference section */
		A941173E2C84568100DD70FD /* XCRemoteSwiftPackageReference "Kingfisher" */ = {
			isa = XCRemoteSwiftPackageReference;
			repositoryURL = "https://github.com/onevcat/Kingfisher";
			requirement = {
				kind = upToNextMajorVersion;
				minimumVersion = 7.12.0;
			};
		};
		A9551CDC2C12BC4B0002AF0B /* XCRemoteSwiftPackageReference "firebase-ios-sdk" */ = {
			isa = XCRemoteSwiftPackageReference;
			repositoryURL = "https://github.com/firebase/firebase-ios-sdk";
			requirement = {
				kind = upToNextMajorVersion;
				minimumVersion = 10.27.0;
			};
		};
/* End XCRemoteSwiftPackageReference section */

/* Begin XCSwiftPackageProductDependency section */
		A94117402C84598800DD70FD /* Kingfisher */ = {
			isa = XCSwiftPackageProductDependency;
			package = A941173E2C84568100DD70FD /* XCRemoteSwiftPackageReference "Kingfisher" */;
			productName = Kingfisher;
		};
		A9551CDD2C12BC4B0002AF0B /* FirebaseAnalytics */ = {
			isa = XCSwiftPackageProductDependency;
			package = A9551CDC2C12BC4B0002AF0B /* XCRemoteSwiftPackageReference "firebase-ios-sdk" */;
			productName = FirebaseAnalytics;
		};
		A9551CDF2C12BC4B0002AF0B /* FirebaseAnalyticsOnDeviceConversion */ = {
			isa = XCSwiftPackageProductDependency;
			package = A9551CDC2C12BC4B0002AF0B /* XCRemoteSwiftPackageReference "firebase-ios-sdk" */;
			productName = FirebaseAnalyticsOnDeviceConversion;
		};
		A9551CE12C12BC4B0002AF0B /* FirebaseAnalyticsSwift */ = {
			isa = XCSwiftPackageProductDependency;
			package = A9551CDC2C12BC4B0002AF0B /* XCRemoteSwiftPackageReference "firebase-ios-sdk" */;
			productName = FirebaseAnalyticsSwift;
		};
		A9551CE32C12BC4B0002AF0B /* FirebaseAnalyticsWithoutAdIdSupport */ = {
			isa = XCSwiftPackageProductDependency;
			package = A9551CDC2C12BC4B0002AF0B /* XCRemoteSwiftPackageReference "firebase-ios-sdk" */;
			productName = FirebaseAnalyticsWithoutAdIdSupport;
		};
		A9551CE52C12BC4B0002AF0B /* FirebaseAppCheck */ = {
			isa = XCSwiftPackageProductDependency;
			package = A9551CDC2C12BC4B0002AF0B /* XCRemoteSwiftPackageReference "firebase-ios-sdk" */;
			productName = FirebaseAppCheck;
		};
		A9551CE72C12BC4B0002AF0B /* FirebaseAppDistribution-Beta */ = {
			isa = XCSwiftPackageProductDependency;
			package = A9551CDC2C12BC4B0002AF0B /* XCRemoteSwiftPackageReference "firebase-ios-sdk" */;
			productName = "FirebaseAppDistribution-Beta";
		};
		A9551CE92C12BC4B0002AF0B /* FirebaseAuth */ = {
			isa = XCSwiftPackageProductDependency;
			package = A9551CDC2C12BC4B0002AF0B /* XCRemoteSwiftPackageReference "firebase-ios-sdk" */;
			productName = FirebaseAuth;
		};
		A9551CEB2C12BC4B0002AF0B /* FirebaseAuthCombine-Community */ = {
			isa = XCSwiftPackageProductDependency;
			package = A9551CDC2C12BC4B0002AF0B /* XCRemoteSwiftPackageReference "firebase-ios-sdk" */;
			productName = "FirebaseAuthCombine-Community";
		};
		A9551CED2C12BC4B0002AF0B /* FirebaseCrashlytics */ = {
			isa = XCSwiftPackageProductDependency;
			package = A9551CDC2C12BC4B0002AF0B /* XCRemoteSwiftPackageReference "firebase-ios-sdk" */;
			productName = FirebaseCrashlytics;
		};
		A9551CEF2C12BC4B0002AF0B /* FirebaseDatabase */ = {
			isa = XCSwiftPackageProductDependency;
			package = A9551CDC2C12BC4B0002AF0B /* XCRemoteSwiftPackageReference "firebase-ios-sdk" */;
			productName = FirebaseDatabase;
		};
		A9551CF12C12BC4B0002AF0B /* FirebaseDatabaseSwift */ = {
			isa = XCSwiftPackageProductDependency;
			package = A9551CDC2C12BC4B0002AF0B /* XCRemoteSwiftPackageReference "firebase-ios-sdk" */;
			productName = FirebaseDatabaseSwift;
		};
		A9551CF32C12BC4B0002AF0B /* FirebaseDynamicLinks */ = {
			isa = XCSwiftPackageProductDependency;
			package = A9551CDC2C12BC4B0002AF0B /* XCRemoteSwiftPackageReference "firebase-ios-sdk" */;
			productName = FirebaseDynamicLinks;
		};
		A9551CF52C12BC4B0002AF0B /* FirebaseFirestore */ = {
			isa = XCSwiftPackageProductDependency;
			package = A9551CDC2C12BC4B0002AF0B /* XCRemoteSwiftPackageReference "firebase-ios-sdk" */;
			productName = FirebaseFirestore;
		};
		A9551CF72C12BC4B0002AF0B /* FirebaseFirestoreCombine-Community */ = {
			isa = XCSwiftPackageProductDependency;
			package = A9551CDC2C12BC4B0002AF0B /* XCRemoteSwiftPackageReference "firebase-ios-sdk" */;
			productName = "FirebaseFirestoreCombine-Community";
		};
		A9551CF92C12BC4B0002AF0B /* FirebaseFirestoreSwift */ = {
			isa = XCSwiftPackageProductDependency;
			package = A9551CDC2C12BC4B0002AF0B /* XCRemoteSwiftPackageReference "firebase-ios-sdk" */;
			productName = FirebaseFirestoreSwift;
		};
		A9551CFB2C12BC4B0002AF0B /* FirebaseFunctions */ = {
			isa = XCSwiftPackageProductDependency;
			package = A9551CDC2C12BC4B0002AF0B /* XCRemoteSwiftPackageReference "firebase-ios-sdk" */;
			productName = FirebaseFunctions;
		};
		A9551CFD2C12BC4B0002AF0B /* FirebaseFunctionsCombine-Community */ = {
			isa = XCSwiftPackageProductDependency;
			package = A9551CDC2C12BC4B0002AF0B /* XCRemoteSwiftPackageReference "firebase-ios-sdk" */;
			productName = "FirebaseFunctionsCombine-Community";
		};
		A9551CFF2C12BC4B0002AF0B /* FirebaseInAppMessaging-Beta */ = {
			isa = XCSwiftPackageProductDependency;
			package = A9551CDC2C12BC4B0002AF0B /* XCRemoteSwiftPackageReference "firebase-ios-sdk" */;
			productName = "FirebaseInAppMessaging-Beta";
		};
		A9551D012C12BC4B0002AF0B /* FirebaseInAppMessagingSwift-Beta */ = {
			isa = XCSwiftPackageProductDependency;
			package = A9551CDC2C12BC4B0002AF0B /* XCRemoteSwiftPackageReference "firebase-ios-sdk" */;
			productName = "FirebaseInAppMessagingSwift-Beta";
		};
		A9551D032C12BC4B0002AF0B /* FirebaseInstallations */ = {
			isa = XCSwiftPackageProductDependency;
			package = A9551CDC2C12BC4B0002AF0B /* XCRemoteSwiftPackageReference "firebase-ios-sdk" */;
			productName = FirebaseInstallations;
		};
		A9551D052C12BC4B0002AF0B /* FirebaseMLModelDownloader */ = {
			isa = XCSwiftPackageProductDependency;
			package = A9551CDC2C12BC4B0002AF0B /* XCRemoteSwiftPackageReference "firebase-ios-sdk" */;
			productName = FirebaseMLModelDownloader;
		};
		A9551D072C12BC4B0002AF0B /* FirebaseMessaging */ = {
			isa = XCSwiftPackageProductDependency;
			package = A9551CDC2C12BC4B0002AF0B /* XCRemoteSwiftPackageReference "firebase-ios-sdk" */;
			productName = FirebaseMessaging;
		};
		A9551D092C12BC4B0002AF0B /* FirebasePerformance */ = {
			isa = XCSwiftPackageProductDependency;
			package = A9551CDC2C12BC4B0002AF0B /* XCRemoteSwiftPackageReference "firebase-ios-sdk" */;
			productName = FirebasePerformance;
		};
		A9551D0B2C12BC4B0002AF0B /* FirebaseRemoteConfig */ = {
			isa = XCSwiftPackageProductDependency;
			package = A9551CDC2C12BC4B0002AF0B /* XCRemoteSwiftPackageReference "firebase-ios-sdk" */;
			productName = FirebaseRemoteConfig;
		};
		A9551D0D2C12BC4B0002AF0B /* FirebaseRemoteConfigSwift */ = {
			isa = XCSwiftPackageProductDependency;
			package = A9551CDC2C12BC4B0002AF0B /* XCRemoteSwiftPackageReference "firebase-ios-sdk" */;
			productName = FirebaseRemoteConfigSwift;
		};
		A9551D0F2C12BC4B0002AF0B /* FirebaseStorage */ = {
			isa = XCSwiftPackageProductDependency;
			package = A9551CDC2C12BC4B0002AF0B /* XCRemoteSwiftPackageReference "firebase-ios-sdk" */;
			productName = FirebaseStorage;
		};
		A9551D112C12BC4B0002AF0B /* FirebaseStorageCombine-Community */ = {
			isa = XCSwiftPackageProductDependency;
			package = A9551CDC2C12BC4B0002AF0B /* XCRemoteSwiftPackageReference "firebase-ios-sdk" */;
			productName = "FirebaseStorageCombine-Community";
		};
		A9551D132C12BC4B0002AF0B /* FirebaseVertexAI-Preview */ = {
			isa = XCSwiftPackageProductDependency;
			package = A9551CDC2C12BC4B0002AF0B /* XCRemoteSwiftPackageReference "firebase-ios-sdk" */;
			productName = "FirebaseVertexAI-Preview";
		};
/* End XCSwiftPackageProductDependency section */
	};
	rootObject = A9551CA72C12BAF30002AF0B /* Project object */;
}
